// !$*UTF8*$!
{
	archiveVersion = 1;
	classes = {
	};
	objectVersion = 52;
	objects = {

/* Begin PBXBuildFile section */
		5E020737262C5AB700751357 /* Alamofire in Frameworks */ = {isa = PBXBuildFile; productRef = 5E020736262C5AB700751357 /* Alamofire */; };
		5E02073B262DF06000751357 /* SwiftyJSON in Frameworks */ = {isa = PBXBuildFile; productRef = 5E02073A262DF06000751357 /* SwiftyJSON */; };
		5E427D4226273A5F00FDC65F /* SearchBar.swift in Sources */ = {isa = PBXBuildFile; fileRef = 5E427D4126273A5F00FDC65F /* SearchBar.swift */; };
		5E427D4B2627452800FDC65F /* FullReviewView.swift in Sources */ = {isa = PBXBuildFile; fileRef = 5E427D4A2627452800FDC65F /* FullReviewView.swift */; };
		5E5B0A60262577DB007248D9 /* MovieCardView.swift in Sources */ = {isa = PBXBuildFile; fileRef = 5E5B0A5F262577DB007248D9 /* MovieCardView.swift */; };
		5E5B0A64262583BA007248D9 /* MovieCardContainerView.swift in Sources */ = {isa = PBXBuildFile; fileRef = 5E5B0A63262583BA007248D9 /* MovieCardContainerView.swift */; };
		5E5B0A6726258E9C007248D9 /* WatchListMovieCard.swift in Sources */ = {isa = PBXBuildFile; fileRef = 5E5B0A6626258E9C007248D9 /* WatchListMovieCard.swift */; };
		5E5B0A6E2625AE4A007248D9 /* YoutubePlayerWrapper.swift in Sources */ = {isa = PBXBuildFile; fileRef = 5E5B0A6D2625AE4A007248D9 /* YoutubePlayerWrapper.swift */; };
		5E5B0A702625AF19007248D9 /* Pods_USC_Films.framework in Frameworks */ = {isa = PBXBuildFile; fileRef = 5ABEC74BE0984031AB893D7F /* Pods_USC_Films.framework */; };
		5E5B0A752625D1D9007248D9 /* ReviewCard.swift in Sources */ = {isa = PBXBuildFile; fileRef = 5E5B0A742625D1D9007248D9 /* ReviewCard.swift */; };
		5E5B0A792625EC3D007248D9 /* RecommendationSectionView.swift in Sources */ = {isa = PBXBuildFile; fileRef = 5E5B0A782625EC3D007248D9 /* RecommendationSectionView.swift */; };
		5E641F442631431200199451 /* NowPlayingViewModel.swift in Sources */ = {isa = PBXBuildFile; fileRef = 5E641F432631431200199451 /* NowPlayingViewModel.swift */; };
		5E641F4B2631746800199451 /* Kingfisher in Frameworks */ = {isa = PBXBuildFile; productRef = 5E641F4A2631746800199451 /* Kingfisher */; };
		5E641F4E263177B700199451 /* TopRatedMoviesViewModel.swift in Sources */ = {isa = PBXBuildFile; fileRef = 5E641F4D263177B700199451 /* TopRatedMoviesViewModel.swift */; };
		5E641F542631839400199451 /* PopularMoviesViewModel.swift in Sources */ = {isa = PBXBuildFile; fileRef = 5E641F532631839400199451 /* PopularMoviesViewModel.swift */; };
		5E641F5D26318B6C00199451 /* MovieDetails.swift in Sources */ = {isa = PBXBuildFile; fileRef = 5E641F5C26318B6C00199451 /* MovieDetails.swift */; };
		5E888E3E2632F5B400C3142F /* MovieViewModel.swift in Sources */ = {isa = PBXBuildFile; fileRef = 5E888E3D2632F5B400C3142F /* MovieViewModel.swift */; };
		5E888E422632FCA800C3142F /* Utils.swift in Sources */ = {isa = PBXBuildFile; fileRef = 5E888E412632FCA800C3142F /* Utils.swift */; };
		5E888E462632FF3500C3142F /* APIService.swift in Sources */ = {isa = PBXBuildFile; fileRef = 5E888E452632FF3500C3142F /* APIService.swift */; };
		5E8AFF2B2629BD9A001BA081 /* SearchResultMovieCard.swift in Sources */ = {isa = PBXBuildFile; fileRef = 5E8AFF2A2629BD9A001BA081 /* SearchResultMovieCard.swift */; };
		5E8AFF72262ABD07001BA081 /* Movie.swift in Sources */ = {isa = PBXBuildFile; fileRef = 5E8AFF71262ABD07001BA081 /* Movie.swift */; };
		5E9EB1DD2624A96F006683B0 /* USC_FilmsApp.swift in Sources */ = {isa = PBXBuildFile; fileRef = 5E9EB1DC2624A96F006683B0 /* USC_FilmsApp.swift */; };
		5E9EB1DF2624A96F006683B0 /* ContentView.swift in Sources */ = {isa = PBXBuildFile; fileRef = 5E9EB1DE2624A96F006683B0 /* ContentView.swift */; };
		5E9EB1E12624A975006683B0 /* Assets.xcassets in Resources */ = {isa = PBXBuildFile; fileRef = 5E9EB1E02624A975006683B0 /* Assets.xcassets */; };
		5E9EB1E42624A975006683B0 /* Preview Assets.xcassets in Resources */ = {isa = PBXBuildFile; fileRef = 5E9EB1E32624A975006683B0 /* Preview Assets.xcassets */; };
		5E9EB1F02624B6CD006683B0 /* HomeView.swift in Sources */ = {isa = PBXBuildFile; fileRef = 5E9EB1EF2624B6CD006683B0 /* HomeView.swift */; };
		5E9EB1F32624B8CE006683B0 /* SearchView.swift in Sources */ = {isa = PBXBuildFile; fileRef = 5E9EB1F22624B8CE006683B0 /* SearchView.swift */; };
		5E9EB1F82624BD34006683B0 /* WatchListView.swift in Sources */ = {isa = PBXBuildFile; fileRef = 5E9EB1F72624BD33006683B0 /* WatchListView.swift */; };
		5E9EB1FF2624CAEA006683B0 /* CarouselView.swift in Sources */ = {isa = PBXBuildFile; fileRef = 5E9EB1FE2624CAEA006683B0 /* CarouselView.swift */; };
		5E9EB2022624D311006683B0 /* MovieDetailsView.swift in Sources */ = {isa = PBXBuildFile; fileRef = 5E9EB2012624D311006683B0 /* MovieDetailsView.swift */; };
		5E9EB2052624D460006683B0 /* ImageContentView.swift in Sources */ = {isa = PBXBuildFile; fileRef = 5E9EB2042624D460006683B0 /* ImageContentView.swift */; };
		5EDF503F2633DEE80063D456 /* TrendingTVShowsData.swift in Sources */ = {isa = PBXBuildFile; fileRef = 5EDF503E2633DEE80063D456 /* TrendingTVShowsData.swift */; };
		5EDF50472633E2190063D456 /* TopRatedTVShowsData.swift in Sources */ = {isa = PBXBuildFile; fileRef = 5EDF50462633E2190063D456 /* TopRatedTVShowsData.swift */; };
		5EDF504A2633E2A00063D456 /* PopularTVShowsData.swift in Sources */ = {isa = PBXBuildFile; fileRef = 5EDF50492633E2A00063D456 /* PopularTVShowsData.swift */; };
		5EDF5077263484840063D456 /* MovieDetailsData.swift in Sources */ = {isa = PBXBuildFile; fileRef = 5EDF5076263484840063D456 /* MovieDetailsData.swift */; };
		5EDF507A263514FE0063D456 /* MovieDetailsViewModel.swift in Sources */ = {isa = PBXBuildFile; fileRef = 5EDF5079263514FE0063D456 /* MovieDetailsViewModel.swift */; };
		5EDF508D263551940063D456 /* Actor.swift in Sources */ = {isa = PBXBuildFile; fileRef = 5EDF508C263551940063D456 /* Actor.swift */; };
		5EDF50902635524B0063D456 /* CastDetailsData.swift in Sources */ = {isa = PBXBuildFile; fileRef = 5EDF508F2635524B0063D456 /* CastDetailsData.swift */; };
		5EDF5093263554080063D456 /* ActorViewModel.swift in Sources */ = {isa = PBXBuildFile; fileRef = 5EDF5092263554080063D456 /* ActorViewModel.swift */; };
		5EDF509826355F870063D456 /* Review.swift in Sources */ = {isa = PBXBuildFile; fileRef = 5EDF509726355F870063D456 /* Review.swift */; };
		5EDF509C263566F20063D456 /* ReviewViewModel.swift in Sources */ = {isa = PBXBuildFile; fileRef = 5EDF509B263566F20063D456 /* ReviewViewModel.swift */; };
		5EDF50A126356A8A0063D456 /* ReviewData.swift in Sources */ = {isa = PBXBuildFile; fileRef = 5EDF50A026356A8A0063D456 /* ReviewData.swift */; };
		5EDF50A4263589240063D456 /* RecommendedMoviesData.swift in Sources */ = {isa = PBXBuildFile; fileRef = 5EDF50A3263589240063D456 /* RecommendedMoviesData.swift */; };
/* End PBXBuildFile section */

/* Begin PBXFileReference section */
		5ABEC74BE0984031AB893D7F /* Pods_USC_Films.framework */ = {isa = PBXFileReference; explicitFileType = wrapper.framework; includeInIndex = 0; path = Pods_USC_Films.framework; sourceTree = BUILT_PRODUCTS_DIR; };
		5E427D4126273A5F00FDC65F /* SearchBar.swift */ = {isa = PBXFileReference; lastKnownFileType = sourcecode.swift; path = SearchBar.swift; sourceTree = "<group>"; };
		5E427D4A2627452800FDC65F /* FullReviewView.swift */ = {isa = PBXFileReference; lastKnownFileType = sourcecode.swift; path = FullReviewView.swift; sourceTree = "<group>"; };
		5E5B0A5F262577DB007248D9 /* MovieCardView.swift */ = {isa = PBXFileReference; lastKnownFileType = sourcecode.swift; path = MovieCardView.swift; sourceTree = "<group>"; };
		5E5B0A63262583BA007248D9 /* MovieCardContainerView.swift */ = {isa = PBXFileReference; lastKnownFileType = sourcecode.swift; path = MovieCardContainerView.swift; sourceTree = "<group>"; };
		5E5B0A6626258E9C007248D9 /* WatchListMovieCard.swift */ = {isa = PBXFileReference; lastKnownFileType = sourcecode.swift; path = WatchListMovieCard.swift; sourceTree = "<group>"; };
		5E5B0A6D2625AE4A007248D9 /* YoutubePlayerWrapper.swift */ = {isa = PBXFileReference; lastKnownFileType = sourcecode.swift; path = YoutubePlayerWrapper.swift; sourceTree = "<group>"; };
		5E5B0A742625D1D9007248D9 /* ReviewCard.swift */ = {isa = PBXFileReference; lastKnownFileType = sourcecode.swift; path = ReviewCard.swift; sourceTree = "<group>"; };
		5E5B0A782625EC3D007248D9 /* RecommendationSectionView.swift */ = {isa = PBXFileReference; lastKnownFileType = sourcecode.swift; path = RecommendationSectionView.swift; sourceTree = "<group>"; };
		5E641F432631431200199451 /* NowPlayingViewModel.swift */ = {isa = PBXFileReference; lastKnownFileType = sourcecode.swift; path = NowPlayingViewModel.swift; sourceTree = "<group>"; };
		5E641F4D263177B700199451 /* TopRatedMoviesViewModel.swift */ = {isa = PBXFileReference; lastKnownFileType = sourcecode.swift; path = TopRatedMoviesViewModel.swift; sourceTree = "<group>"; };
		5E641F532631839400199451 /* PopularMoviesViewModel.swift */ = {isa = PBXFileReference; lastKnownFileType = sourcecode.swift; path = PopularMoviesViewModel.swift; sourceTree = "<group>"; };
		5E641F5C26318B6C00199451 /* MovieDetails.swift */ = {isa = PBXFileReference; lastKnownFileType = sourcecode.swift; path = MovieDetails.swift; sourceTree = "<group>"; };
		5E888E3D2632F5B400C3142F /* MovieViewModel.swift */ = {isa = PBXFileReference; lastKnownFileType = sourcecode.swift; path = MovieViewModel.swift; sourceTree = "<group>"; };
		5E888E412632FCA800C3142F /* Utils.swift */ = {isa = PBXFileReference; lastKnownFileType = sourcecode.swift; path = Utils.swift; sourceTree = "<group>"; };
		5E888E452632FF3500C3142F /* APIService.swift */ = {isa = PBXFileReference; lastKnownFileType = sourcecode.swift; path = APIService.swift; sourceTree = "<group>"; };
		5E8AFF2A2629BD9A001BA081 /* SearchResultMovieCard.swift */ = {isa = PBXFileReference; lastKnownFileType = sourcecode.swift; path = SearchResultMovieCard.swift; sourceTree = "<group>"; };
		5E8AFF71262ABD07001BA081 /* Movie.swift */ = {isa = PBXFileReference; lastKnownFileType = sourcecode.swift; path = Movie.swift; sourceTree = "<group>"; };
		5E9EB1D92624A96F006683B0 /* USC Films.app */ = {isa = PBXFileReference; explicitFileType = wrapper.application; includeInIndex = 0; path = "USC Films.app"; sourceTree = BUILT_PRODUCTS_DIR; };
		5E9EB1DC2624A96F006683B0 /* USC_FilmsApp.swift */ = {isa = PBXFileReference; lastKnownFileType = sourcecode.swift; path = USC_FilmsApp.swift; sourceTree = "<group>"; };
		5E9EB1DE2624A96F006683B0 /* ContentView.swift */ = {isa = PBXFileReference; lastKnownFileType = sourcecode.swift; path = ContentView.swift; sourceTree = "<group>"; };
		5E9EB1E02624A975006683B0 /* Assets.xcassets */ = {isa = PBXFileReference; lastKnownFileType = folder.assetcatalog; path = Assets.xcassets; sourceTree = "<group>"; };
		5E9EB1E32624A975006683B0 /* Preview Assets.xcassets */ = {isa = PBXFileReference; lastKnownFileType = folder.assetcatalog; path = "Preview Assets.xcassets"; sourceTree = "<group>"; };
		5E9EB1E52624A975006683B0 /* Info.plist */ = {isa = PBXFileReference; lastKnownFileType = text.plist.xml; path = Info.plist; sourceTree = "<group>"; };
		5E9EB1EF2624B6CD006683B0 /* HomeView.swift */ = {isa = PBXFileReference; lastKnownFileType = sourcecode.swift; path = HomeView.swift; sourceTree = "<group>"; };
		5E9EB1F22624B8CE006683B0 /* SearchView.swift */ = {isa = PBXFileReference; lastKnownFileType = sourcecode.swift; path = SearchView.swift; sourceTree = "<group>"; };
		5E9EB1F72624BD33006683B0 /* WatchListView.swift */ = {isa = PBXFileReference; lastKnownFileType = sourcecode.swift; path = WatchListView.swift; sourceTree = "<group>"; };
		5E9EB1FE2624CAEA006683B0 /* CarouselView.swift */ = {isa = PBXFileReference; lastKnownFileType = sourcecode.swift; path = CarouselView.swift; sourceTree = "<group>"; };
		5E9EB2012624D311006683B0 /* MovieDetailsView.swift */ = {isa = PBXFileReference; lastKnownFileType = sourcecode.swift; path = MovieDetailsView.swift; sourceTree = "<group>"; };
		5E9EB2042624D460006683B0 /* ImageContentView.swift */ = {isa = PBXFileReference; lastKnownFileType = sourcecode.swift; path = ImageContentView.swift; sourceTree = "<group>"; };
		5EDF503E2633DEE80063D456 /* TrendingTVShowsData.swift */ = {isa = PBXFileReference; lastKnownFileType = sourcecode.swift; path = TrendingTVShowsData.swift; sourceTree = "<group>"; };
		5EDF50462633E2190063D456 /* TopRatedTVShowsData.swift */ = {isa = PBXFileReference; lastKnownFileType = sourcecode.swift; path = TopRatedTVShowsData.swift; sourceTree = "<group>"; };
		5EDF50492633E2A00063D456 /* PopularTVShowsData.swift */ = {isa = PBXFileReference; lastKnownFileType = sourcecode.swift; path = PopularTVShowsData.swift; sourceTree = "<group>"; };
		5EDF5076263484840063D456 /* MovieDetailsData.swift */ = {isa = PBXFileReference; lastKnownFileType = sourcecode.swift; path = MovieDetailsData.swift; sourceTree = "<group>"; };
		5EDF5079263514FE0063D456 /* MovieDetailsViewModel.swift */ = {isa = PBXFileReference; lastKnownFileType = sourcecode.swift; path = MovieDetailsViewModel.swift; sourceTree = "<group>"; };
		5EDF508C263551940063D456 /* Actor.swift */ = {isa = PBXFileReference; lastKnownFileType = sourcecode.swift; path = Actor.swift; sourceTree = "<group>"; };
		5EDF508F2635524B0063D456 /* CastDetailsData.swift */ = {isa = PBXFileReference; lastKnownFileType = sourcecode.swift; path = CastDetailsData.swift; sourceTree = "<group>"; };
		5EDF5092263554080063D456 /* ActorViewModel.swift */ = {isa = PBXFileReference; lastKnownFileType = sourcecode.swift; path = ActorViewModel.swift; sourceTree = "<group>"; };
		5EDF509726355F870063D456 /* Review.swift */ = {isa = PBXFileReference; lastKnownFileType = sourcecode.swift; path = Review.swift; sourceTree = "<group>"; };
		5EDF509B263566F20063D456 /* ReviewViewModel.swift */ = {isa = PBXFileReference; lastKnownFileType = sourcecode.swift; path = ReviewViewModel.swift; sourceTree = "<group>"; };
		5EDF50A026356A8A0063D456 /* ReviewData.swift */ = {isa = PBXFileReference; lastKnownFileType = sourcecode.swift; path = ReviewData.swift; sourceTree = "<group>"; };
		5EDF50A3263589240063D456 /* RecommendedMoviesData.swift */ = {isa = PBXFileReference; lastKnownFileType = sourcecode.swift; path = RecommendedMoviesData.swift; sourceTree = "<group>"; };
		647393438810D98809C83751 /* Pods-USC Films.release.xcconfig */ = {isa = PBXFileReference; includeInIndex = 1; lastKnownFileType = text.xcconfig; name = "Pods-USC Films.release.xcconfig"; path = "Target Support Files/Pods-USC Films/Pods-USC Films.release.xcconfig"; sourceTree = "<group>"; };
		9D99A6E556AB74A516769A27 /* Pods-USC Films.debug.xcconfig */ = {isa = PBXFileReference; includeInIndex = 1; lastKnownFileType = text.xcconfig; name = "Pods-USC Films.debug.xcconfig"; path = "Target Support Files/Pods-USC Films/Pods-USC Films.debug.xcconfig"; sourceTree = "<group>"; };
/* End PBXFileReference section */

/* Begin PBXFrameworksBuildPhase section */
		5E9EB1D62624A96F006683B0 /* Frameworks */ = {
			isa = PBXFrameworksBuildPhase;
			buildActionMask = 2147483647;
			files = (
				5E641F4B2631746800199451 /* Kingfisher in Frameworks */,
				5E02073B262DF06000751357 /* SwiftyJSON in Frameworks */,
				5E5B0A702625AF19007248D9 /* Pods_USC_Films.framework in Frameworks */,
				5E020737262C5AB700751357 /* Alamofire in Frameworks */,
			);
			runOnlyForDeploymentPostprocessing = 0;
		};
/* End PBXFrameworksBuildPhase section */

/* Begin PBXGroup section */
		5E02073D262DF12A00751357 /* Networking */ = {
			isa = PBXGroup;
			children = (
				5E888E452632FF3500C3142F /* APIService.swift */,
			);
			path = Networking;
			sourceTree = "<group>";
		};
		5E5B0A622625839B007248D9 /* Movie Cards View */ = {
			isa = PBXGroup;
			children = (
				5E5B0A5F262577DB007248D9 /* MovieCardView.swift */,
				5E5B0A63262583BA007248D9 /* MovieCardContainerView.swift */,
			);
			path = "Movie Cards View";
			sourceTree = "<group>";
		};
		5E5B0A6C2625AE2C007248D9 /* Details */ = {
			isa = PBXGroup;
			children = (
				5E9EB2012624D311006683B0 /* MovieDetailsView.swift */,
				5E5B0A742625D1D9007248D9 /* ReviewCard.swift */,
				5E5B0A6D2625AE4A007248D9 /* YoutubePlayerWrapper.swift */,
				5E427D4A2627452800FDC65F /* FullReviewView.swift */,
			);
			path = Details;
			sourceTree = "<group>";
		};
		5E5B0A772625EBFB007248D9 /* Common Views */ = {
			isa = PBXGroup;
			children = (
				5E5B0A782625EC3D007248D9 /* RecommendationSectionView.swift */,
			);
			path = "Common Views";
			sourceTree = "<group>";
		};
		5E888E402632FC9300C3142F /* Utility */ = {
			isa = PBXGroup;
			children = (
				5E888E412632FCA800C3142F /* Utils.swift */,
			);
			path = Utility;
			sourceTree = "<group>";
		};
		5E9EB1D02624A96F006683B0 = {
			isa = PBXGroup;
			children = (
				5E9EB1DB2624A96F006683B0 /* USC Films */,
				5E9EB1DA2624A96F006683B0 /* Products */,
				B115C4E9A99F399D6F73BCBC /* Pods */,
				676E5CA895239B276DB8932A /* Frameworks */,
			);
			sourceTree = "<group>";
		};
		5E9EB1DA2624A96F006683B0 /* Products */ = {
			isa = PBXGroup;
			children = (
				5E9EB1D92624A96F006683B0 /* USC Films.app */,
			);
			name = Products;
			sourceTree = "<group>";
		};
		5E9EB1DB2624A96F006683B0 /* USC Films */ = {
			isa = PBXGroup;
			children = (
				5E888E402632FC9300C3142F /* Utility */,
				5E02073D262DF12A00751357 /* Networking */,
				5E9EB1EE2624B6A2006683B0 /* ViewModel */,
				5E9EB1ED2624B69A006683B0 /* Model */,
				5E9EB1EC2624B691006683B0 /* Views */,
				5E9EB1DC2624A96F006683B0 /* USC_FilmsApp.swift */,
				5E9EB1E02624A975006683B0 /* Assets.xcassets */,
				5E9EB1E52624A975006683B0 /* Info.plist */,
				5E9EB1E22624A975006683B0 /* Preview Content */,
			);
			path = "USC Films";
			sourceTree = "<group>";
		};
		5E9EB1E22624A975006683B0 /* Preview Content */ = {
			isa = PBXGroup;
			children = (
				5E9EB1E32624A975006683B0 /* Preview Assets.xcassets */,
			);
			path = "Preview Content";
			sourceTree = "<group>";
		};
		5E9EB1EC2624B691006683B0 /* Views */ = {
			isa = PBXGroup;
			children = (
				5E9EB1DE2624A96F006683B0 /* ContentView.swift */,
				5E9EB1FA2624CAA1006683B0 /* Home */,
				5E9EB1FB2624CAAB006683B0 /* Search */,
				5E9EB1FC2624CAB3006683B0 /* WatchList */,
				5E5B0A6C2625AE2C007248D9 /* Details */,
				5E5B0A772625EBFB007248D9 /* Common Views */,
			);
			path = Views;
			sourceTree = "<group>";
		};
		5E9EB1ED2624B69A006683B0 /* Model */ = {
			isa = PBXGroup;
			children = (
				5E8AFF71262ABD07001BA081 /* Movie.swift */,
				5E641F5C26318B6C00199451 /* MovieDetails.swift */,
				5EDF508C263551940063D456 /* Actor.swift */,
				5EDF509726355F870063D456 /* Review.swift */,
			);
			path = Model;
			sourceTree = "<group>";
		};
		5E9EB1EE2624B6A2006683B0 /* ViewModel */ = {
			isa = PBXGroup;
			children = (
				5E888E3D2632F5B400C3142F /* MovieViewModel.swift */,
				5EDF5079263514FE0063D456 /* MovieDetailsViewModel.swift */,
				5EDF5092263554080063D456 /* ActorViewModel.swift */,
				5EDF509B263566F20063D456 /* ReviewViewModel.swift */,
				5EDF50372633DCC40063D456 /* TV Shows */,
				5EDF50362633DCBB0063D456 /* Movies */,
			);
			path = ViewModel;
			sourceTree = "<group>";
		};
		5E9EB1FA2624CAA1006683B0 /* Home */ = {
			isa = PBXGroup;
			children = (
				5E9EB1EF2624B6CD006683B0 /* HomeView.swift */,
				5E9EB2082624E470006683B0 /* Carousel View */,
				5E5B0A622625839B007248D9 /* Movie Cards View */,
			);
			path = Home;
			sourceTree = "<group>";
		};
		5E9EB1FB2624CAAB006683B0 /* Search */ = {
			isa = PBXGroup;
			children = (
				5E9EB1F22624B8CE006683B0 /* SearchView.swift */,
				5E427D4126273A5F00FDC65F /* SearchBar.swift */,
				5E8AFF2A2629BD9A001BA081 /* SearchResultMovieCard.swift */,
			);
			path = Search;
			sourceTree = "<group>";
		};
		5E9EB1FC2624CAB3006683B0 /* WatchList */ = {
			isa = PBXGroup;
			children = (
				5E9EB1F72624BD33006683B0 /* WatchListView.swift */,
				5E5B0A6626258E9C007248D9 /* WatchListMovieCard.swift */,
			);
			path = WatchList;
			sourceTree = "<group>";
		};
		5E9EB2082624E470006683B0 /* Carousel View */ = {
			isa = PBXGroup;
			children = (
				5E9EB1FE2624CAEA006683B0 /* CarouselView.swift */,
				5E9EB2042624D460006683B0 /* ImageContentView.swift */,
			);
			path = "Carousel View";
			sourceTree = "<group>";
		};
		5EDF50362633DCBB0063D456 /* Movies */ = {
			isa = PBXGroup;
			children = (
				5E641F432631431200199451 /* NowPlayingViewModel.swift */,
				5E641F4D263177B700199451 /* TopRatedMoviesViewModel.swift */,
				5E641F532631839400199451 /* PopularMoviesViewModel.swift */,
				5EDF5076263484840063D456 /* MovieDetailsData.swift */,
				5EDF508F2635524B0063D456 /* CastDetailsData.swift */,
				5EDF50A026356A8A0063D456 /* ReviewData.swift */,
				5EDF50A3263589240063D456 /* RecommendedMoviesData.swift */,
			);
			path = Movies;
			sourceTree = "<group>";
		};
		5EDF50372633DCC40063D456 /* TV Shows */ = {
			isa = PBXGroup;
			children = (
				5EDF503E2633DEE80063D456 /* TrendingTVShowsData.swift */,
				5EDF50462633E2190063D456 /* TopRatedTVShowsData.swift */,
				5EDF50492633E2A00063D456 /* PopularTVShowsData.swift */,
			);
			path = "TV Shows";
			sourceTree = "<group>";
		};
		676E5CA895239B276DB8932A /* Frameworks */ = {
			isa = PBXGroup;
			children = (
				5ABEC74BE0984031AB893D7F /* Pods_USC_Films.framework */,
			);
			name = Frameworks;
			sourceTree = "<group>";
		};
		B115C4E9A99F399D6F73BCBC /* Pods */ = {
			isa = PBXGroup;
			children = (
				9D99A6E556AB74A516769A27 /* Pods-USC Films.debug.xcconfig */,
				647393438810D98809C83751 /* Pods-USC Films.release.xcconfig */,
			);
			path = Pods;
			sourceTree = "<group>";
		};
/* End PBXGroup section */

/* Begin PBXNativeTarget section */
		5E9EB1D82624A96F006683B0 /* USC Films */ = {
			isa = PBXNativeTarget;
			buildConfigurationList = 5E9EB1E82624A975006683B0 /* Build configuration list for PBXNativeTarget "USC Films" */;
			buildPhases = (
				A48EFDDE50F047C9D5EB9D1D /* [CP] Check Pods Manifest.lock */,
				5E9EB1D52624A96F006683B0 /* Sources */,
				5E9EB1D62624A96F006683B0 /* Frameworks */,
				5E9EB1D72624A96F006683B0 /* Resources */,
				5B636C2F66F91E22D04D121F /* [CP] Embed Pods Frameworks */,
			);
			buildRules = (
			);
			dependencies = (
			);
			name = "USC Films";
			packageProductDependencies = (
				5E020736262C5AB700751357 /* Alamofire */,
				5E02073A262DF06000751357 /* SwiftyJSON */,
				5E641F4A2631746800199451 /* Kingfisher */,
			);
			productName = "USC Films";
			productReference = 5E9EB1D92624A96F006683B0 /* USC Films.app */;
			productType = "com.apple.product-type.application";
		};
/* End PBXNativeTarget section */

/* Begin PBXProject section */
		5E9EB1D12624A96F006683B0 /* Project object */ = {
			isa = PBXProject;
			attributes = {
				LastSwiftUpdateCheck = 1240;
				LastUpgradeCheck = 1240;
				TargetAttributes = {
					5E9EB1D82624A96F006683B0 = {
						CreatedOnToolsVersion = 12.4;
					};
				};
			};
			buildConfigurationList = 5E9EB1D42624A96F006683B0 /* Build configuration list for PBXProject "USC Films" */;
			compatibilityVersion = "Xcode 9.3";
			developmentRegion = en;
			hasScannedForEncodings = 0;
			knownRegions = (
				en,
				Base,
			);
			mainGroup = 5E9EB1D02624A96F006683B0;
			packageReferences = (
				5E020735262C5AB700751357 /* XCRemoteSwiftPackageReference "Alamofire" */,
				5E020739262DF06000751357 /* XCRemoteSwiftPackageReference "SwiftyJSON" */,
				5E641F492631746800199451 /* XCRemoteSwiftPackageReference "Kingfisher" */,
			);
			productRefGroup = 5E9EB1DA2624A96F006683B0 /* Products */;
			projectDirPath = "";
			projectRoot = "";
			targets = (
				5E9EB1D82624A96F006683B0 /* USC Films */,
			);
		};
/* End PBXProject section */

/* Begin PBXResourcesBuildPhase section */
		5E9EB1D72624A96F006683B0 /* Resources */ = {
			isa = PBXResourcesBuildPhase;
			buildActionMask = 2147483647;
			files = (
				5E9EB1E42624A975006683B0 /* Preview Assets.xcassets in Resources */,
				5E9EB1E12624A975006683B0 /* Assets.xcassets in Resources */,
			);
			runOnlyForDeploymentPostprocessing = 0;
		};
/* End PBXResourcesBuildPhase section */

/* Begin PBXShellScriptBuildPhase section */
		5B636C2F66F91E22D04D121F /* [CP] Embed Pods Frameworks */ = {
			isa = PBXShellScriptBuildPhase;
			buildActionMask = 2147483647;
			files = (
			);
			inputFileListPaths = (
				"${PODS_ROOT}/Target Support Files/Pods-USC Films/Pods-USC Films-frameworks-${CONFIGURATION}-input-files.xcfilelist",
			);
			name = "[CP] Embed Pods Frameworks";
			outputFileListPaths = (
				"${PODS_ROOT}/Target Support Files/Pods-USC Films/Pods-USC Films-frameworks-${CONFIGURATION}-output-files.xcfilelist",
			);
			runOnlyForDeploymentPostprocessing = 0;
			shellPath = /bin/sh;
			shellScript = "\"${PODS_ROOT}/Target Support Files/Pods-USC Films/Pods-USC Films-frameworks.sh\"\n";
			showEnvVarsInLog = 0;
		};
		A48EFDDE50F047C9D5EB9D1D /* [CP] Check Pods Manifest.lock */ = {
			isa = PBXShellScriptBuildPhase;
			buildActionMask = 2147483647;
			files = (
			);
			inputFileListPaths = (
			);
			inputPaths = (
				"${PODS_PODFILE_DIR_PATH}/Podfile.lock",
				"${PODS_ROOT}/Manifest.lock",
			);
			name = "[CP] Check Pods Manifest.lock";
			outputFileListPaths = (
			);
			outputPaths = (
				"$(DERIVED_FILE_DIR)/Pods-USC Films-checkManifestLockResult.txt",
			);
			runOnlyForDeploymentPostprocessing = 0;
			shellPath = /bin/sh;
			shellScript = "diff \"${PODS_PODFILE_DIR_PATH}/Podfile.lock\" \"${PODS_ROOT}/Manifest.lock\" > /dev/null\nif [ $? != 0 ] ; then\n    # print error to STDERR\n    echo \"error: The sandbox is not in sync with the Podfile.lock. Run 'pod install' or update your CocoaPods installation.\" >&2\n    exit 1\nfi\n# This output is used by Xcode 'outputs' to avoid re-running this script phase.\necho \"SUCCESS\" > \"${SCRIPT_OUTPUT_FILE_0}\"\n";
			showEnvVarsInLog = 0;
		};
/* End PBXShellScriptBuildPhase section */

/* Begin PBXSourcesBuildPhase section */
		5E9EB1D52624A96F006683B0 /* Sources */ = {
			isa = PBXSourcesBuildPhase;
			buildActionMask = 2147483647;
			files = (
				5E9EB1F32624B8CE006683B0 /* SearchView.swift in Sources */,
				5E5B0A6726258E9C007248D9 /* WatchListMovieCard.swift in Sources */,
				5E8AFF72262ABD07001BA081 /* Movie.swift in Sources */,
				5EDF5093263554080063D456 /* ActorViewModel.swift in Sources */,
				5E641F5D26318B6C00199451 /* MovieDetails.swift in Sources */,
				5E427D4226273A5F00FDC65F /* SearchBar.swift in Sources */,
				5EDF50A4263589240063D456 /* RecommendedMoviesData.swift in Sources */,
				5E888E422632FCA800C3142F /* Utils.swift in Sources */,
				5EDF5077263484840063D456 /* MovieDetailsData.swift in Sources */,
				5EDF507A263514FE0063D456 /* MovieDetailsViewModel.swift in Sources */,
				5E9EB2022624D311006683B0 /* MovieDetailsView.swift in Sources */,
				5E9EB2052624D460006683B0 /* ImageContentView.swift in Sources */,
				5E5B0A6E2625AE4A007248D9 /* YoutubePlayerWrapper.swift in Sources */,
				5E9EB1F02624B6CD006683B0 /* HomeView.swift in Sources */,
				5EDF50902635524B0063D456 /* CastDetailsData.swift in Sources */,
				5EDF50A126356A8A0063D456 /* ReviewData.swift in Sources */,
				5E641F4E263177B700199451 /* TopRatedMoviesViewModel.swift in Sources */,
				5E5B0A60262577DB007248D9 /* MovieCardView.swift in Sources */,
				5EDF508D263551940063D456 /* Actor.swift in Sources */,
				5EDF50472633E2190063D456 /* TopRatedTVShowsData.swift in Sources */,
				5E5B0A64262583BA007248D9 /* MovieCardContainerView.swift in Sources */,
				5E641F442631431200199451 /* NowPlayingViewModel.swift in Sources */,
				5E9EB1DF2624A96F006683B0 /* ContentView.swift in Sources */,
				5E5B0A792625EC3D007248D9 /* RecommendationSectionView.swift in Sources */,
				5E9EB1F82624BD34006683B0 /* WatchListView.swift in Sources */,
				5EDF503F2633DEE80063D456 /* TrendingTVShowsData.swift in Sources */,
				5E641F542631839400199451 /* PopularMoviesViewModel.swift in Sources */,
				5E9EB1FF2624CAEA006683B0 /* CarouselView.swift in Sources */,
				5E8AFF2B2629BD9A001BA081 /* SearchResultMovieCard.swift in Sources */,
				5EDF509826355F870063D456 /* Review.swift in Sources */,
				5E888E3E2632F5B400C3142F /* MovieViewModel.swift in Sources */,
				5E888E462632FF3500C3142F /* APIService.swift in Sources */,
				5EDF504A2633E2A00063D456 /* PopularTVShowsData.swift in Sources */,
				5E9EB1DD2624A96F006683B0 /* USC_FilmsApp.swift in Sources */,
				5EDF509C263566F20063D456 /* ReviewViewModel.swift in Sources */,
				5E5B0A752625D1D9007248D9 /* ReviewCard.swift in Sources */,
				5E427D4B2627452800FDC65F /* FullReviewView.swift in Sources */,
			);
			runOnlyForDeploymentPostprocessing = 0;
		};
/* End PBXSourcesBuildPhase section */

/* Begin XCBuildConfiguration section */
		5E9EB1E62624A975006683B0 /* Debug */ = {
			isa = XCBuildConfiguration;
			buildSettings = {
				ALWAYS_SEARCH_USER_PATHS = NO;
				CLANG_ANALYZER_NONNULL = YES;
				CLANG_ANALYZER_NUMBER_OBJECT_CONVERSION = YES_AGGRESSIVE;
				CLANG_CXX_LANGUAGE_STANDARD = "gnu++14";
				CLANG_CXX_LIBRARY = "libc++";
				CLANG_ENABLE_MODULES = YES;
				CLANG_ENABLE_OBJC_ARC = YES;
				CLANG_ENABLE_OBJC_WEAK = YES;
				CLANG_WARN_BLOCK_CAPTURE_AUTORELEASING = YES;
				CLANG_WARN_BOOL_CONVERSION = YES;
				CLANG_WARN_COMMA = YES;
				CLANG_WARN_CONSTANT_CONVERSION = YES;
				CLANG_WARN_DEPRECATED_OBJC_IMPLEMENTATIONS = YES;
				CLANG_WARN_DIRECT_OBJC_ISA_USAGE = YES_ERROR;
				CLANG_WARN_DOCUMENTATION_COMMENTS = YES;
				CLANG_WARN_EMPTY_BODY = YES;
				CLANG_WARN_ENUM_CONVERSION = YES;
				CLANG_WARN_INFINITE_RECURSION = YES;
				CLANG_WARN_INT_CONVERSION = YES;
				CLANG_WARN_NON_LITERAL_NULL_CONVERSION = YES;
				CLANG_WARN_OBJC_IMPLICIT_RETAIN_SELF = YES;
				CLANG_WARN_OBJC_LITERAL_CONVERSION = YES;
				CLANG_WARN_OBJC_ROOT_CLASS = YES_ERROR;
				CLANG_WARN_QUOTED_INCLUDE_IN_FRAMEWORK_HEADER = YES;
				CLANG_WARN_RANGE_LOOP_ANALYSIS = YES;
				CLANG_WARN_STRICT_PROTOTYPES = YES;
				CLANG_WARN_SUSPICIOUS_MOVE = YES;
				CLANG_WARN_UNGUARDED_AVAILABILITY = YES_AGGRESSIVE;
				CLANG_WARN_UNREACHABLE_CODE = YES;
				CLANG_WARN__DUPLICATE_METHOD_MATCH = YES;
				COPY_PHASE_STRIP = NO;
				DEBUG_INFORMATION_FORMAT = dwarf;
				ENABLE_STRICT_OBJC_MSGSEND = YES;
				ENABLE_TESTABILITY = YES;
				GCC_C_LANGUAGE_STANDARD = gnu11;
				GCC_DYNAMIC_NO_PIC = NO;
				GCC_NO_COMMON_BLOCKS = YES;
				GCC_OPTIMIZATION_LEVEL = 0;
				GCC_PREPROCESSOR_DEFINITIONS = (
					"DEBUG=1",
					"$(inherited)",
				);
				GCC_WARN_64_TO_32_BIT_CONVERSION = YES;
				GCC_WARN_ABOUT_RETURN_TYPE = YES_ERROR;
				GCC_WARN_UNDECLARED_SELECTOR = YES;
				GCC_WARN_UNINITIALIZED_AUTOS = YES_AGGRESSIVE;
				GCC_WARN_UNUSED_FUNCTION = YES;
				GCC_WARN_UNUSED_VARIABLE = YES;
				IPHONEOS_DEPLOYMENT_TARGET = 14.4;
				MTL_ENABLE_DEBUG_INFO = INCLUDE_SOURCE;
				MTL_FAST_MATH = YES;
				ONLY_ACTIVE_ARCH = YES;
				SDKROOT = iphoneos;
				SWIFT_ACTIVE_COMPILATION_CONDITIONS = DEBUG;
				SWIFT_OPTIMIZATION_LEVEL = "-Onone";
			};
			name = Debug;
		};
		5E9EB1E72624A975006683B0 /* Release */ = {
			isa = XCBuildConfiguration;
			buildSettings = {
				ALWAYS_SEARCH_USER_PATHS = NO;
				CLANG_ANALYZER_NONNULL = YES;
				CLANG_ANALYZER_NUMBER_OBJECT_CONVERSION = YES_AGGRESSIVE;
				CLANG_CXX_LANGUAGE_STANDARD = "gnu++14";
				CLANG_CXX_LIBRARY = "libc++";
				CLANG_ENABLE_MODULES = YES;
				CLANG_ENABLE_OBJC_ARC = YES;
				CLANG_ENABLE_OBJC_WEAK = YES;
				CLANG_WARN_BLOCK_CAPTURE_AUTORELEASING = YES;
				CLANG_WARN_BOOL_CONVERSION = YES;
				CLANG_WARN_COMMA = YES;
				CLANG_WARN_CONSTANT_CONVERSION = YES;
				CLANG_WARN_DEPRECATED_OBJC_IMPLEMENTATIONS = YES;
				CLANG_WARN_DIRECT_OBJC_ISA_USAGE = YES_ERROR;
				CLANG_WARN_DOCUMENTATION_COMMENTS = YES;
				CLANG_WARN_EMPTY_BODY = YES;
				CLANG_WARN_ENUM_CONVERSION = YES;
				CLANG_WARN_INFINITE_RECURSION = YES;
				CLANG_WARN_INT_CONVERSION = YES;
				CLANG_WARN_NON_LITERAL_NULL_CONVERSION = YES;
				CLANG_WARN_OBJC_IMPLICIT_RETAIN_SELF = YES;
				CLANG_WARN_OBJC_LITERAL_CONVERSION = YES;
				CLANG_WARN_OBJC_ROOT_CLASS = YES_ERROR;
				CLANG_WARN_QUOTED_INCLUDE_IN_FRAMEWORK_HEADER = YES;
				CLANG_WARN_RANGE_LOOP_ANALYSIS = YES;
				CLANG_WARN_STRICT_PROTOTYPES = YES;
				CLANG_WARN_SUSPICIOUS_MOVE = YES;
				CLANG_WARN_UNGUARDED_AVAILABILITY = YES_AGGRESSIVE;
				CLANG_WARN_UNREACHABLE_CODE = YES;
				CLANG_WARN__DUPLICATE_METHOD_MATCH = YES;
				COPY_PHASE_STRIP = NO;
				DEBUG_INFORMATION_FORMAT = "dwarf-with-dsym";
				ENABLE_NS_ASSERTIONS = NO;
				ENABLE_STRICT_OBJC_MSGSEND = YES;
				GCC_C_LANGUAGE_STANDARD = gnu11;
				GCC_NO_COMMON_BLOCKS = YES;
				GCC_WARN_64_TO_32_BIT_CONVERSION = YES;
				GCC_WARN_ABOUT_RETURN_TYPE = YES_ERROR;
				GCC_WARN_UNDECLARED_SELECTOR = YES;
				GCC_WARN_UNINITIALIZED_AUTOS = YES_AGGRESSIVE;
				GCC_WARN_UNUSED_FUNCTION = YES;
				GCC_WARN_UNUSED_VARIABLE = YES;
				IPHONEOS_DEPLOYMENT_TARGET = 14.4;
				MTL_ENABLE_DEBUG_INFO = NO;
				MTL_FAST_MATH = YES;
				SDKROOT = iphoneos;
				SWIFT_COMPILATION_MODE = wholemodule;
				SWIFT_OPTIMIZATION_LEVEL = "-O";
				VALIDATE_PRODUCT = YES;
			};
			name = Release;
		};
		5E9EB1E92624A975006683B0 /* Debug */ = {
			isa = XCBuildConfiguration;
			baseConfigurationReference = 9D99A6E556AB74A516769A27 /* Pods-USC Films.debug.xcconfig */;
			buildSettings = {
				ASSETCATALOG_COMPILER_APPICON_NAME = AppIcon;
				ASSETCATALOG_COMPILER_GLOBAL_ACCENT_COLOR_NAME = AccentColor;
				CODE_SIGN_STYLE = Automatic;
				DEVELOPMENT_ASSET_PATHS = "\"USC Films/Preview Content\"";
				DEVELOPMENT_TEAM = GMFBCG6443;
				ENABLE_PREVIEWS = YES;
				INFOPLIST_FILE = "USC Films/Info.plist";
				IPHONEOS_DEPLOYMENT_TARGET = 14.0;
				LD_RUNPATH_SEARCH_PATHS = (
					"$(inherited)",
					"@executable_path/Frameworks",
				);
				PRODUCT_BUNDLE_IDENTIFIER = "com.example.test.USC-Films";
				PRODUCT_NAME = "$(TARGET_NAME)";
				SWIFT_VERSION = 5.0;
				TARGETED_DEVICE_FAMILY = 1;
			};
			name = Debug;
		};
		5E9EB1EA2624A975006683B0 /* Release */ = {
			isa = XCBuildConfiguration;
			baseConfigurationReference = 647393438810D98809C83751 /* Pods-USC Films.release.xcconfig */;
			buildSettings = {
				ASSETCATALOG_COMPILER_APPICON_NAME = AppIcon;
				ASSETCATALOG_COMPILER_GLOBAL_ACCENT_COLOR_NAME = AccentColor;
				CODE_SIGN_STYLE = Automatic;
				DEVELOPMENT_ASSET_PATHS = "\"USC Films/Preview Content\"";
				DEVELOPMENT_TEAM = GMFBCG6443;
				ENABLE_PREVIEWS = YES;
				INFOPLIST_FILE = "USC Films/Info.plist";
				IPHONEOS_DEPLOYMENT_TARGET = 14.0;
				LD_RUNPATH_SEARCH_PATHS = (
					"$(inherited)",
					"@executable_path/Frameworks",
				);
				PRODUCT_BUNDLE_IDENTIFIER = "com.example.test.USC-Films";
				PRODUCT_NAME = "$(TARGET_NAME)";
				SWIFT_VERSION = 5.0;
				TARGETED_DEVICE_FAMILY = 1;
			};
			name = Release;
		};
/* End XCBuildConfiguration section */

/* Begin XCConfigurationList section */
		5E9EB1D42624A96F006683B0 /* Build configuration list for PBXProject "USC Films" */ = {
			isa = XCConfigurationList;
			buildConfigurations = (
				5E9EB1E62624A975006683B0 /* Debug */,
				5E9EB1E72624A975006683B0 /* Release */,
			);
			defaultConfigurationIsVisible = 0;
			defaultConfigurationName = Release;
		};
		5E9EB1E82624A975006683B0 /* Build configuration list for PBXNativeTarget "USC Films" */ = {
			isa = XCConfigurationList;
			buildConfigurations = (
				5E9EB1E92624A975006683B0 /* Debug */,
				5E9EB1EA2624A975006683B0 /* Release */,
			);
			defaultConfigurationIsVisible = 0;
			defaultConfigurationName = Release;
		};
/* End XCConfigurationList section */

/* Begin XCRemoteSwiftPackageReference section */
		5E020735262C5AB700751357 /* XCRemoteSwiftPackageReference "Alamofire" */ = {
			isa = XCRemoteSwiftPackageReference;
			repositoryURL = "https://github.com/Alamofire/Alamofire";
			requirement = {
				kind = upToNextMajorVersion;
				minimumVersion = 5.4.2;
			};
		};
		5E020739262DF06000751357 /* XCRemoteSwiftPackageReference "SwiftyJSON" */ = {
			isa = XCRemoteSwiftPackageReference;
			repositoryURL = "https://github.com/SwiftyJSON/SwiftyJSON";
			requirement = {
				kind = upToNextMajorVersion;
				minimumVersion = 5.0.1;
			};
		};
		5E641F492631746800199451 /* XCRemoteSwiftPackageReference "Kingfisher" */ = {
			isa = XCRemoteSwiftPackageReference;
			repositoryURL = "https://github.com/onevcat/Kingfisher";
			requirement = {
				kind = upToNextMajorVersion;
				minimumVersion = 6.3.0;
			};
		};
/* End XCRemoteSwiftPackageReference section */

/* Begin XCSwiftPackageProductDependency section */
		5E020736262C5AB700751357 /* Alamofire */ = {
			isa = XCSwiftPackageProductDependency;
			package = 5E020735262C5AB700751357 /* XCRemoteSwiftPackageReference "Alamofire" */;
			productName = Alamofire;
		};
		5E02073A262DF06000751357 /* SwiftyJSON */ = {
			isa = XCSwiftPackageProductDependency;
			package = 5E020739262DF06000751357 /* XCRemoteSwiftPackageReference "SwiftyJSON" */;
			productName = SwiftyJSON;
		};
		5E641F4A2631746800199451 /* Kingfisher */ = {
			isa = XCSwiftPackageProductDependency;
			package = 5E641F492631746800199451 /* XCRemoteSwiftPackageReference "Kingfisher" */;
			productName = Kingfisher;
		};
/* End XCSwiftPackageProductDependency section */
	};
	rootObject = 5E9EB1D12624A96F006683B0 /* Project object */;
}
